
Microsoft Visual Studio Solution File, Format Version 12.00
# Visual Studio Version 16
VisualStudioVersion = 16.0.29209.62
MinimumVisualStudioVersion = 10.0.40219.1
Project("{FAE04EC0-301F-11D3-BF4B-00C04F79EFBC}") = "Reinas", "Reinas\Reinas.csproj", "{6543FA51-336F-47DE-A9C7-EF54ADD97702}"
EndProject
Global
	GlobalSection(SolutionConfigurationPlatforms) = preSolution
		Debug|Any CPU = Debug|Any CPU
		Release|Any CPU = Release|Any CPU
	EndGlobalSection
	GlobalSection(ProjectConfigurationPlatforms) = postSolution
		{6543FA51-336F-47DE-A9C7-EF54ADD97702}.Debug|Any CPU.ActiveCfg = Debug|Any CPU
		{6543FA51-336F-47DE-A9C7-EF54ADD97702}.Debug|Any CPU.Build.0 = Debug|Any CPU
		{6543FA51-336F-47DE-A9C7-EF54ADD97702}.Release|Any CPU.ActiveCfg = Release|Any CPU
		{6543FA51-336F-47DE-A9C7-EF54ADD97702}.Release|Any CPU.Build.0 = Release|Any CPU
	EndGlobalSection
	GlobalSection(SolutionProperties) = preSolution
		HideSolutionNode = FALSE
	EndGlobalSection
	GlobalSection(ExtensibilityGlobals) = postSolution
		SolutionGuid = {6B18EA06-A502-4A42-94E9-FDDB090D3A62}
	EndGlobalSection
EndGlobal
